
Microsoft Visual Studio Solution File, Format Version 12.00
# Visual Studio Version 16
VisualStudioVersion = 16.0.30104.148
MinimumVisualStudioVersion = 10.0.40219.1
Project("{FAE04EC0-301F-11D3-BF4B-00C04F79EFBC}") = "project-querimonia", "project-querimonia\project-querimonia.csproj", "{67C1442B-EF6A-4B0B-BFE4-E4151BEFBAEA}"
EndProject
Global
	GlobalSection(SolutionConfigurationPlatforms) = preSolution
		Debug|Any CPU = Debug|Any CPU
		Release|Any CPU = Release|Any CPU
	EndGlobalSection
	GlobalSection(ProjectConfigurationPlatforms) = postSolution
		{67C1442B-EF6A-4B0B-BFE4-E4151BEFBAEA}.Debug|Any CPU.ActiveCfg = Debug|Any CPU
		{67C1442B-EF6A-4B0B-BFE4-E4151BEFBAEA}.Debug|Any CPU.Build.0 = Debug|Any CPU
		{67C1442B-EF6A-4B0B-BFE4-E4151BEFBAEA}.Release|Any CPU.ActiveCfg = Release|Any CPU
		{67C1442B-EF6A-4B0B-BFE4-E4151BEFBAEA}.Release|Any CPU.Build.0 = Release|Any CPU
	EndGlobalSection
	GlobalSection(SolutionProperties) = preSolution
		HideSolutionNode = FALSE
	EndGlobalSection
	GlobalSection(ExtensibilityGlobals) = postSolution
		SolutionGuid = {746B053B-78C3-4860-8F06-A0732BBFCEC9}
	EndGlobalSection
EndGlobal
